
Microsoft Visual Studio Solution File, Format Version 12.00
# Visual Studio 15
VisualStudioVersion = 15.0.27130.2020
MinimumVisualStudioVersion = 10.0.40219.1
Project("{FAE04EC0-301F-11D3-BF4B-00C04F79EFBC}") = "NuciLog.Core", "NuciLog.Core\NuciLog.Core.csproj", "{477D5595-65F4-4B83-8F60-D8EAD39D51A0}"
EndProject
Global
	GlobalSection(SolutionConfigurationPlatforms) = preSolution
		Debug|Any CPU = Debug|Any CPU
		Release|Any CPU = Release|Any CPU
	EndGlobalSection
	GlobalSection(ProjectConfigurationPlatforms) = postSolution
		{477D5595-65F4-4B83-8F60-D8EAD39D51A0}.Debug|Any CPU.ActiveCfg = Debug|Any CPU
		{477D5595-65F4-4B83-8F60-D8EAD39D51A0}.Debug|Any CPU.Build.0 = Debug|Any CPU
		{477D5595-65F4-4B83-8F60-D8EAD39D51A0}.Release|Any CPU.ActiveCfg = Release|Any CPU
		{477D5595-65F4-4B83-8F60-D8EAD39D51A0}.Release|Any CPU.Build.0 = Release|Any CPU
	EndGlobalSection
	GlobalSection(SolutionProperties) = preSolution
		HideSolutionNode = FALSE
	EndGlobalSection
	GlobalSection(ExtensibilityGlobals) = postSolution
		SolutionGuid = {35942BA1-A0CB-4487-948A-0C6998055763}
	EndGlobalSection
EndGlobal
